{
  "name": "client",
  "version": "1.0.0",
  "lockfileVersion": 2,
  "requires": true,
  "packages": {
    "": {
      "name": "client",
      "version": "1.0.0",
      "license": "ISC",
      "dependencies": {
        "@tropicbliss/symphonia": "^0.2.19",
        "dotenv": "^16.3.1",
        "ws": "^8.13.0"
      }
    },
    "node_modules/@tropicbliss/symphonia": {
      "version": "0.2.19",
      "resolved": "https://registry.npmjs.org/@tropicbliss/symphonia/-/symphonia-0.2.19.tgz",
      "integrity": "sha512-+ArDTiUvzb5jm7s6sSPLu1Kr3XMdZS9DLMdkADoHjCUNxHRzi6W6fGaPcvF6OO4MzpdxzU1T93y3XW0t8Fogyg==",
      "engines": {
        "node": ">= 10"
      },
      "optionalDependencies": {
        "@tropicbliss/symphonia-darwin-arm64": "0.2.19",
        "@tropicbliss/symphonia-darwin-x64": "0.2.19",
        "@tropicbliss/symphonia-linux-x64-gnu": "0.2.19",
        "@tropicbliss/symphonia-win32-ia32-msvc": "0.2.19",
        "@tropicbliss/symphonia-win32-x64-msvc": "0.2.19"
      }
    },
    "node_modules/@tropicbliss/symphonia-darwin-arm64": {
      "version": "0.2.19",
      "resolved": "https://registry.npmjs.org/@tropicbliss/symphonia-darwin-arm64/-/symphonia-darwin-arm64-0.2.19.tgz",
      "integrity": "sha512-/rGsHKoXRwWdPgZ3Wq2R+Oyiedi4MWb5hPVqMZu9KOSWDE2yKTm1xBkUrnPxNc+sFrbHB7QJ3JXb/wNYArHkyQ==",
      "cpu": [
        "arm64"
      ],
      "optional": true,
      "os": [
        "darwin"
      ],
      "engines": {
        "node": ">= 10"
      }
    },
    "node_modules/@tropicbliss/symphonia-darwin-x64": {
      "version": "0.2.19",
      "resolved": "https://registry.npmjs.org/@tropicbliss/symphonia-darwin-x64/-/symphonia-darwin-x64-0.2.19.tgz",
      "integrity": "sha512-FwKBPvz7dPpGeTWZ8eHFjJ50KgSl2FUmJZSV9zxY6Fy1St2pE/n4TLAVdR4KBkZGKeBazBjLKHStMMzWgwcPjA==",
      "cpu": [
        "x64"
      ],
      "optional": true,
      "os": [
        "darwin"
      ],
      "engines": {
        "node": ">= 10"
      }
    },
    "node_modules/@tropicbliss/symphonia-linux-x64-gnu": {
      "version": "0.2.19",
      "resolved": "https://registry.npmjs.org/@tropicbliss/symphonia-linux-x64-gnu/-/symphonia-linux-x64-gnu-0.2.19.tgz",
      "integrity": "sha512-RUSMN5IknO58r3QxKrX4c390YmRzuX1rBPyKRMGhqb9I/9ORjp96LtSDC8crFhGnhVcQVVJ5SfnlzLF/FDMLVA==",
      "cpu": [
        "x64"
      ],
      "optional": true,
      "os": [
        "linux"
      ],
      "engines": {
        "node": ">= 10"
      }
    },
    "node_modules/@tropicbliss/symphonia-win32-ia32-msvc": {
      "version": "0.2.19",
      "resolved": "https://registry.npmjs.org/@tropicbliss/symphonia-win32-ia32-msvc/-/symphonia-win32-ia32-msvc-0.2.19.tgz",
      "integrity": "sha512-Jz+Qg5LeZ4VQIHlxXhDec8bFwiWAt3IXTv/pUXbc3z7NHY14MdzzP5WzeTwI/o8JPj71aIKrN6RdMBonGKU13A==",
      "cpu": [
        "ia32"
      ],
      "optional": true,
      "os": [
        "win32"
      ],
      "engines": {
        "node": ">= 10"
      }
    },
    "node_modules/@tropicbliss/symphonia-win32-x64-msvc": {
      "version": "0.2.19",
      "resolved": "https://registry.npmjs.org/@tropicbliss/symphonia-win32-x64-msvc/-/symphonia-win32-x64-msvc-0.2.19.tgz",
      "integrity": "sha512-4r4HfDsfifBu40SweZsN/rG/Im0sR7qHn8gHHniSyzgO+0bXCK/qtBOmEHD2+VKWM/Mk7Q9S9ZuV9OPiqQyr2w==",
      "cpu": [
        "x64"
      ],
      "optional": true,
      "os": [
        "win32"
      ],
      "engines": {
        "node": ">= 10"
      }
    },
    "node_modules/dotenv": {
      "version": "16.3.1",
      "resolved": "https://registry.npmjs.org/dotenv/-/dotenv-16.3.1.tgz",
      "integrity": "sha512-IPzF4w4/Rd94bA9imS68tZBaYyBWSCE47V1RGuMrB94iyTOIEwRmVL2x/4An+6mETpLrKJ5hQkB8W4kFAadeIQ==",
      "engines": {
        "node": ">=12"
      },
      "funding": {
        "url": "https://github.com/motdotla/dotenv?sponsor=1"
      }
    },
    "node_modules/ws": {
      "version": "8.13.0",
      "resolved": "https://registry.npmjs.org/ws/-/ws-8.13.0.tgz",
      "integrity": "sha512-x9vcZYTrFPC7aSIbj7sRCYo7L/Xb8Iy+pW0ng0wt2vCJv7M9HOMy0UoN3rr+IFC7hb7vXoqS+P9ktyLLLhO+LA==",
      "engines": {
        "node": ">=10.0.0"
      },
      "peerDependencies": {
        "bufferutil": "^4.0.1",
        "utf-8-validate": ">=5.0.2"
      },
      "peerDependenciesMeta": {
        "bufferutil": {
          "optional": true
        },
        "utf-8-validate": {
          "optional": true
        }
      }
    }
  },
  "dependencies": {
    "@tropicbliss/symphonia": {
      "version": "0.2.19",
      "resolved": "https://registry.npmjs.org/@tropicbliss/symphonia/-/symphonia-0.2.19.tgz",
      "integrity": "sha512-+ArDTiUvzb5jm7s6sSPLu1Kr3XMdZS9DLMdkADoHjCUNxHRzi6W6fGaPcvF6OO4MzpdxzU1T93y3XW0t8Fogyg==",
      "requires": {
        "@tropicbliss/symphonia-darwin-arm64": "0.2.19",
        "@tropicbliss/symphonia-darwin-x64": "0.2.19",
        "@tropicbliss/symphonia-linux-x64-gnu": "0.2.19",
        "@tropicbliss/symphonia-win32-ia32-msvc": "0.2.19",
        "@tropicbliss/symphonia-win32-x64-msvc": "0.2.19"
      }
    },
    "@tropicbliss/symphonia-darwin-arm64": {
      "version": "0.2.19",
      "resolved": "https://registry.npmjs.org/@tropicbliss/symphonia-darwin-arm64/-/symphonia-darwin-arm64-0.2.19.tgz",
      "integrity": "sha512-/rGsHKoXRwWdPgZ3Wq2R+Oyiedi4MWb5hPVqMZu9KOSWDE2yKTm1xBkUrnPxNc+sFrbHB7QJ3JXb/wNYArHkyQ==",
      "optional": true
    },
    "@tropicbliss/symphonia-darwin-x64": {
      "version": "0.2.19",
      "resolved": "https://registry.npmjs.org/@tropicbliss/symphonia-darwin-x64/-/symphonia-darwin-x64-0.2.19.tgz",
      "integrity": "sha512-FwKBPvz7dPpGeTWZ8eHFjJ50KgSl2FUmJZSV9zxY6Fy1St2pE/n4TLAVdR4KBkZGKeBazBjLKHStMMzWgwcPjA==",
      "optional": true
    },
    "@tropicbliss/symphonia-linux-x64-gnu": {
      "version": "0.2.19",
      "resolved": "https://registry.npmjs.org/@tropicbliss/symphonia-linux-x64-gnu/-/symphonia-linux-x64-gnu-0.2.19.tgz",
      "integrity": "sha512-RUSMN5IknO58r3QxKrX4c390YmRzuX1rBPyKRMGhqb9I/9ORjp96LtSDC8crFhGnhVcQVVJ5SfnlzLF/FDMLVA==",
      "optional": true
    },
    "@tropicbliss/symphonia-win32-ia32-msvc": {
      "version": "0.2.19",
      "resolved": "https://registry.npmjs.org/@tropicbliss/symphonia-win32-ia32-msvc/-/symphonia-win32-ia32-msvc-0.2.19.tgz",
      "integrity": "sha512-Jz+Qg5LeZ4VQIHlxXhDec8bFwiWAt3IXTv/pUXbc3z7NHY14MdzzP5WzeTwI/o8JPj71aIKrN6RdMBonGKU13A==",
      "optional": true
    },
    "@tropicbliss/symphonia-win32-x64-msvc": {
      "version": "0.2.19",
      "resolved": "https://registry.npmjs.org/@tropicbliss/symphonia-win32-x64-msvc/-/symphonia-win32-x64-msvc-0.2.19.tgz",
      "integrity": "sha512-4r4HfDsfifBu40SweZsN/rG/Im0sR7qHn8gHHniSyzgO+0bXCK/qtBOmEHD2+VKWM/Mk7Q9S9ZuV9OPiqQyr2w==",
      "optional": true
    },
    "dotenv": {
      "version": "16.3.1",
      "resolved": "https://registry.npmjs.org/dotenv/-/dotenv-16.3.1.tgz",
      "integrity": "sha512-IPzF4w4/Rd94bA9imS68tZBaYyBWSCE47V1RGuMrB94iyTOIEwRmVL2x/4An+6mETpLrKJ5hQkB8W4kFAadeIQ=="
    },
    "ws": {
      "version": "8.13.0",
      "resolved": "https://registry.npmjs.org/ws/-/ws-8.13.0.tgz",
      "integrity": "sha512-x9vcZYTrFPC7aSIbj7sRCYo7L/Xb8Iy+pW0ng0wt2vCJv7M9HOMy0UoN3rr+IFC7hb7vXoqS+P9ktyLLLhO+LA==",
      "requires": {}
    }
  }
}
